
Microsoft Visual Studio Solution File, Format Version 12.00
# Visual Studio 14
VisualStudioVersion = 14.0.23107.0
MinimumVisualStudioVersion = 10.0.40219.1
Project("{FAE04EC0-301F-11D3-BF4B-00C04F79EFBC}") = "ReplaceTypeKeywords", "ReplaceTypeKeywords\ReplaceTypeKeywords.csproj", "{CA0B1410-0E35-4945-9B42-0A2C80BF1484}"
EndProject
Project("{FAE04EC0-301F-11D3-BF4B-00C04F79EFBC}") = "ReplaceTypeKeywords.VSE", "ReplaceTypeKeywords.VSE\ReplaceTypeKeywords.VSE.csproj", "{3F4BBF49-B61A-4DD9-8057-EADBECE02EE6}"
EndProject
Project("{FAE04EC0-301F-11D3-BF4B-00C04F79EFBC}") = "ReplaceTypeKeywords.Core", "ReplaceTypeKeywords.Core\ReplaceTypeKeywords.Core.csproj", "{3597946A-71E6-4D75-847C-D46372432351}"
EndProject
Project("{2150E333-8FDC-42A3-9474-1A3956D46DE8}") = "Solution Items", "Solution Items", "{81156C57-2B2D-4C52-9556-F6179BEF4F5C}"
	ProjectSection(SolutionItems) = preProject
		Key.snk = Key.snk
	EndProjectSection
EndProject
Global
	GlobalSection(SolutionConfigurationPlatforms) = preSolution
		Debug|Any CPU = Debug|Any CPU
		Release|Any CPU = Release|Any CPU
	EndGlobalSection
	GlobalSection(ProjectConfigurationPlatforms) = postSolution
		{CA0B1410-0E35-4945-9B42-0A2C80BF1484}.Debug|Any CPU.ActiveCfg = Debug|Any CPU
		{CA0B1410-0E35-4945-9B42-0A2C80BF1484}.Debug|Any CPU.Build.0 = Debug|Any CPU
		{CA0B1410-0E35-4945-9B42-0A2C80BF1484}.Release|Any CPU.ActiveCfg = Release|Any CPU
		{CA0B1410-0E35-4945-9B42-0A2C80BF1484}.Release|Any CPU.Build.0 = Release|Any CPU
		{3F4BBF49-B61A-4DD9-8057-EADBECE02EE6}.Debug|Any CPU.ActiveCfg = Debug|Any CPU
		{3F4BBF49-B61A-4DD9-8057-EADBECE02EE6}.Debug|Any CPU.Build.0 = Debug|Any CPU
		{3F4BBF49-B61A-4DD9-8057-EADBECE02EE6}.Release|Any CPU.ActiveCfg = Release|Any CPU
		{3F4BBF49-B61A-4DD9-8057-EADBECE02EE6}.Release|Any CPU.Build.0 = Release|Any CPU
		{3597946A-71E6-4D75-847C-D46372432351}.Debug|Any CPU.ActiveCfg = Debug|Any CPU
		{3597946A-71E6-4D75-847C-D46372432351}.Debug|Any CPU.Build.0 = Debug|Any CPU
		{3597946A-71E6-4D75-847C-D46372432351}.Release|Any CPU.ActiveCfg = Release|Any CPU
		{3597946A-71E6-4D75-847C-D46372432351}.Release|Any CPU.Build.0 = Release|Any CPU
	EndGlobalSection
	GlobalSection(SolutionProperties) = preSolution
		HideSolutionNode = FALSE
	EndGlobalSection
EndGlobal
